
Microsoft Visual Studio Solution File, Format Version 12.00
# Visual Studio Version 16
VisualStudioVersion = 16.0.30413.136
MinimumVisualStudioVersion = 10.0.40219.1
Project("{FAE04EC0-301F-11D3-BF4B-00C04F79EFBC}") = "CrmBL", "CrmBL\CrmBL.csproj", "{741E8E21-0368-4A11-9F66-25CEEE55D48B}"
EndProject
Project("{FAE04EC0-301F-11D3-BF4B-00C04F79EFBC}") = "CrmUi", "D:\CrmUi\CrmUi.csproj", "{3BBCAE15-E055-461C-9DF7-E051FDF15128}"
EndProject
Project("{FAE04EC0-301F-11D3-BF4B-00C04F79EFBC}") = "CrmBLTests", "CrmBLTests\CrmBLTests.csproj", "{1783CE87-98D2-48C2-BB5F-AF691256E792}"
EndProject
Global
	GlobalSection(SolutionConfigurationPlatforms) = preSolution
		Debug|Any CPU = Debug|Any CPU
		Release|Any CPU = Release|Any CPU
	EndGlobalSection
	GlobalSection(ProjectConfigurationPlatforms) = postSolution
		{741E8E21-0368-4A11-9F66-25CEEE55D48B}.Debug|Any CPU.ActiveCfg = Debug|Any CPU
		{741E8E21-0368-4A11-9F66-25CEEE55D48B}.Debug|Any CPU.Build.0 = Debug|Any CPU
		{741E8E21-0368-4A11-9F66-25CEEE55D48B}.Release|Any CPU.ActiveCfg = Release|Any CPU
		{741E8E21-0368-4A11-9F66-25CEEE55D48B}.Release|Any CPU.Build.0 = Release|Any CPU
		{3BBCAE15-E055-461C-9DF7-E051FDF15128}.Debug|Any CPU.ActiveCfg = Debug|Any CPU
		{3BBCAE15-E055-461C-9DF7-E051FDF15128}.Debug|Any CPU.Build.0 = Debug|Any CPU
		{3BBCAE15-E055-461C-9DF7-E051FDF15128}.Release|Any CPU.ActiveCfg = Release|Any CPU
		{3BBCAE15-E055-461C-9DF7-E051FDF15128}.Release|Any CPU.Build.0 = Release|Any CPU
		{1783CE87-98D2-48C2-BB5F-AF691256E792}.Debug|Any CPU.ActiveCfg = Debug|Any CPU
		{1783CE87-98D2-48C2-BB5F-AF691256E792}.Debug|Any CPU.Build.0 = Debug|Any CPU
		{1783CE87-98D2-48C2-BB5F-AF691256E792}.Release|Any CPU.ActiveCfg = Release|Any CPU
		{1783CE87-98D2-48C2-BB5F-AF691256E792}.Release|Any CPU.Build.0 = Release|Any CPU
	EndGlobalSection
	GlobalSection(SolutionProperties) = preSolution
		HideSolutionNode = FALSE
	EndGlobalSection
	GlobalSection(ExtensibilityGlobals) = postSolution
		SolutionGuid = {A21C3690-36AF-4A1E-8DCB-F98F30B2BF6F}
	EndGlobalSection
EndGlobal
